
Microsoft Visual Studio Solution File, Format Version 12.00
# Visual Studio Version 17
VisualStudioVersion = 17.14.36310.24 d17.14
MinimumVisualStudioVersion = 10.0.40219.1
Project("{FAE04EC0-301F-11D3-BF4B-00C04F79EFBC}") = "DataBase", "DataBase\DataBase.csproj", "{05EB654F-2DD4-4DC1-B67A-B032FAC84538}"
EndProject
Global
	GlobalSection(SolutionConfigurationPlatforms) = preSolution
		Debug|Any CPU = Debug|Any CPU
		Release|Any CPU = Release|Any CPU
	EndGlobalSection
	GlobalSection(ProjectConfigurationPlatforms) = postSolution
		{05EB654F-2DD4-4DC1-B67A-B032FAC84538}.Debug|Any CPU.ActiveCfg = Debug|Any CPU
		{05EB654F-2DD4-4DC1-B67A-B032FAC84538}.Debug|Any CPU.Build.0 = Debug|Any CPU
		{05EB654F-2DD4-4DC1-B67A-B032FAC84538}.Release|Any CPU.ActiveCfg = Release|Any CPU
		{05EB654F-2DD4-4DC1-B67A-B032FAC84538}.Release|Any CPU.Build.0 = Release|Any CPU
	EndGlobalSection
	GlobalSection(SolutionProperties) = preSolution
		HideSolutionNode = FALSE
	EndGlobalSection
	GlobalSection(ExtensibilityGlobals) = postSolution
		SolutionGuid = {C94B462B-174F-4B94-9568-72F900257D64}
	EndGlobalSection
EndGlobal
